// !$*UTF8*$!
{
	archiveVersion = 1;
	classes = {
	};
	objectVersion = 50;
	objects = {

/* Begin PBXBuildFile section */
		BBC37B112281C6C100B75090 /* AppDelegate.swift in Sources */ = {isa = PBXBuildFile; fileRef = BBC37B102281C6C100B75090 /* AppDelegate.swift */; };
		BBC37B132281C6C100B75090 /* ViewController.swift in Sources */ = {isa = PBXBuildFile; fileRef = BBC37B122281C6C100B75090 /* ViewController.swift */; };
		BBC37B162281C6C100B75090 /* Main.storyboard in Resources */ = {isa = PBXBuildFile; fileRef = BBC37B142281C6C100B75090 /* Main.storyboard */; };
		BBC37B182281C6C300B75090 /* Assets.xcassets in Resources */ = {isa = PBXBuildFile; fileRef = BBC37B172281C6C300B75090 /* Assets.xcassets */; };
		BBC37B1B2281C6C300B75090 /* LaunchScreen.storyboard in Resources */ = {isa = PBXBuildFile; fileRef = BBC37B192281C6C300B75090 /* LaunchScreen.storyboard */; };
		BBC37B232281C71500B75090 /* PresentedViewController.swift in Sources */ = {isa = PBXBuildFile; fileRef = BBC37B222281C71500B75090 /* PresentedViewController.swift */; };
/* End PBXBuildFile section */

/* Begin PBXFileReference section */
		BBC37B0D2281C6C100B75090 /* OverContextSample.app */ = {isa = PBXFileReference; explicitFileType = wrapper.application; includeInIndex = 0; path = OverContextSample.app; sourceTree = BUILT_PRODUCTS_DIR; };
		BBC37B102281C6C100B75090 /* AppDelegate.swift */ = {isa = PBXFileReference; lastKnownFileType = sourcecode.swift; path = AppDelegate.swift; sourceTree = "<group>"; };
		BBC37B122281C6C100B75090 /* ViewController.swift */ = {isa = PBXFileReference; lastKnownFileType = sourcecode.swift; path = ViewController.swift; sourceTree = "<group>"; };
		BBC37B152281C6C100B75090 /* Base */ = {isa = PBXFileReference; lastKnownFileType = file.storyboard; name = Base; path = Base.lproj/Main.storyboard; sourceTree = "<group>"; };
		BBC37B172281C6C300B75090 /* Assets.xcassets */ = {isa = PBXFileReference; lastKnownFileType = folder.assetcatalog; path = Assets.xcassets; sourceTree = "<group>"; };
		BBC37B1A2281C6C300B75090 /* Base */ = {isa = PBXFileReference; lastKnownFileType = file.storyboard; name = Base; path = Base.lproj/LaunchScreen.storyboard; sourceTree = "<group>"; };
		BBC37B1C2281C6C300B75090 /* Info.plist */ = {isa = PBXFileReference; lastKnownFileType = text.plist.xml; path = Info.plist; sourceTree = "<group>"; };
		BBC37B222281C71500B75090 /* PresentedViewController.swift */ = {isa = PBXFileReference; lastKnownFileType = sourcecode.swift; path = PresentedViewController.swift; sourceTree = "<group>"; };
/* End PBXFileReference section */

/* Begin PBXFrameworksBuildPhase section */
		BBC37B0A2281C6C100B75090 /* Frameworks */ = {
			isa = PBXFrameworksBuildPhase;
			buildActionMask = 2147483647;
			files = (
			);
			runOnlyForDeploymentPostprocessing = 0;
		};
/* End PBXFrameworksBuildPhase section */

/* Begin PBXGroup section */
		BBC37B042281C6C000B75090 = {
			isa = PBXGroup;
			children = (
				BBC37B0F2281C6C100B75090 /* OverContextSample */,
				BBC37B0E2281C6C100B75090 /* Products */,
			);
			sourceTree = "<group>";
		};
		BBC37B0E2281C6C100B75090 /* Products */ = {
			isa = PBXGroup;
			children = (
				BBC37B0D2281C6C100B75090 /* OverContextSample.app */,
			);
			name = Products;
			sourceTree = "<group>";
		};
		BBC37B0F2281C6C100B75090 /* OverContextSample */ = {
			isa = PBXGroup;
			children = (
				BBC37B102281C6C100B75090 /* AppDelegate.swift */,
				BBC37B122281C6C100B75090 /* ViewController.swift */,
				BBC37B142281C6C100B75090 /* Main.storyboard */,
				BBC37B222281C71500B75090 /* PresentedViewController.swift */,
				BBC37B172281C6C300B75090 /* Assets.xcassets */,
				BBC37B192281C6C300B75090 /* LaunchScreen.storyboard */,
				BBC37B1C2281C6C300B75090 /* Info.plist */,
			);
			path = OverContextSample;
			sourceTree = "<group>";
		};
/* End PBXGroup section */

/* Begin PBXNativeTarget section */
		BBC37B0C2281C6C100B75090 /* OverContextSample */ = {
			isa = PBXNativeTarget;
			buildConfigurationList = BBC37B1F2281C6C300B75090 /* Build configuration list for PBXNativeTarget "OverContextSample" */;
			buildPhases = (
				BBC37B092281C6C100B75090 /* Sources */,
				BBC37B0A2281C6C100B75090 /* Frameworks */,
				BBC37B0B2281C6C100B75090 /* Resources */,
			);
			buildRules = (
			);
			dependencies = (
			);
			name = OverContextSample;
			productName = OverContextSample;
			productReference = BBC37B0D2281C6C100B75090 /* OverContextSample.app */;
			productType = "com.apple.product-type.application";
		};
/* End PBXNativeTarget section */

/* Begin PBXProject section */
		BBC37B052281C6C100B75090 /* Project object */ = {
			isa = PBXProject;
			attributes = {
				LastSwiftUpdateCheck = 1020;
				LastUpgradeCheck = 1020;
				ORGANIZATIONNAME = "Stewart Lynch";
				TargetAttributes = {
					BBC37B0C2281C6C100B75090 = {
						CreatedOnToolsVersion = 10.2.1;
					};
				};
			};
			buildConfigurationList = BBC37B082281C6C100B75090 /* Build configuration list for PBXProject "OverContextSample" */;
			compatibilityVersion = "Xcode 9.3";
			developmentRegion = en;
			hasScannedForEncodings = 0;
			knownRegions = (
				en,
				Base,
			);
			mainGroup = BBC37B042281C6C000B75090;
			productRefGroup = BBC37B0E2281C6C100B75090 /* Products */;
			projectDirPath = "";
			projectRoot = "";
			targets = (
				BBC37B0C2281C6C100B75090 /* OverContextSample */,
			);
		};
/* End PBXProject section */

/* Begin PBXResourcesBuildPhase section */
		BBC37B0B2281C6C100B75090 /* Resources */ = {
			isa = PBXResourcesBuildPhase;
			buildActionMask = 2147483647;
			files = (
				BBC37B1B2281C6C300B75090 /* LaunchScreen.storyboard in Resources */,
				BBC37B182281C6C300B75090 /* Assets.xcassets in Resources */,
				BBC37B162281C6C100B75090 /* Main.storyboard in Resources */,
			);
			runOnlyForDeploymentPostprocessing = 0;
		};
/* End PBXResourcesBuildPhase section */

/* Begin PBXSourcesBuildPhase section */
		BBC37B092281C6C100B75090 /* Sources */ = {
			isa = PBXSourcesBuildPhase;
			buildActionMask = 2147483647;
			files = (
				BBC37B132281C6C100B75090 /* ViewController.swift in Sources */,
				BBC37B112281C6C100B75090 /* AppDelegate.swift in Sources */,
				BBC37B232281C71500B75090 /* PresentedViewController.swift in Sources */,
			);
			runOnlyForDeploymentPostprocessing = 0;
		};
/* End PBXSourcesBuildPhase section */

/* Begin PBXVariantGroup section */
		BBC37B142281C6C100B75090 /* Main.storyboard */ = {
			isa = PBXVariantGroup;
			children = (
				BBC37B152281C6C100B75090 /* Base */,
			);
			name = Main.storyboard;
			sourceTree = "<group>";
		};
		BBC37B192281C6C300B75090 /* LaunchScreen.storyboard */ = {
			isa = PBXVariantGroup;
			children = (
				BBC37B1A2281C6C300B75090 /* Base */,
			);
			name = LaunchScreen.storyboard;
			sourceTree = "<group>";
		};
/* End PBXVariantGroup section */

/* Begin XCBuildConfiguration section */
		BBC37B1D2281C6C300B75090 /* Debug */ = {
			isa = XCBuildConfiguration;
			buildSettings = {
				ALWAYS_SEARCH_USER_PATHS = NO;
				CLANG_ANALYZER_NONNULL = YES;
				CLANG_ANALYZER_NUMBER_OBJECT_CONVERSION = YES_AGGRESSIVE;
				CLANG_CXX_LANGUAGE_STANDARD = "gnu++14";
				CLANG_CXX_LIBRARY = "libc++";
				CLANG_ENABLE_MODULES = YES;
				CLANG_ENABLE_OBJC_ARC = YES;
				CLANG_ENABLE_OBJC_WEAK = YES;
				CLANG_WARN_BLOCK_CAPTURE_AUTORELEASING = YES;
				CLANG_WARN_BOOL_CONVERSION = YES;
				CLANG_WARN_COMMA = YES;
				CLANG_WARN_CONSTANT_CONVERSION = YES;
				CLANG_WARN_DEPRECATED_OBJC_IMPLEMENTATIONS = YES;
				CLANG_WARN_DIRECT_OBJC_ISA_USAGE = YES_ERROR;
				CLANG_WARN_DOCUMENTATION_COMMENTS = YES;
				CLANG_WARN_EMPTY_BODY = YES;
				CLANG_WARN_ENUM_CONVERSION = YES;
				CLANG_WARN_INFINITE_RECURSION = YES;
				CLANG_WARN_INT_CONVERSION = YES;
				CLANG_WARN_NON_LITERAL_NULL_CONVERSION = YES;
				CLANG_WARN_OBJC_IMPLICIT_RETAIN_SELF = YES;
				CLANG_WARN_OBJC_LITERAL_CONVERSION = YES;
				CLANG_WARN_OBJC_ROOT_CLASS = YES_ERROR;
				CLANG_WARN_RANGE_LOOP_ANALYSIS = YES;
				CLANG_WARN_STRICT_PROTOTYPES = YES;
				CLANG_WARN_SUSPICIOUS_MOVE = YES;
				CLANG_WARN_UNGUARDED_AVAILABILITY = YES_AGGRESSIVE;
				CLANG_WARN_UNREACHABLE_CODE = YES;
				CLANG_WARN__DUPLICATE_METHOD_MATCH = YES;
				CODE_SIGN_IDENTITY = "iPhone Developer";
				COPY_PHASE_STRIP = NO;
				DEBUG_INFORMATION_FORMAT = dwarf;
				ENABLE_STRICT_OBJC_MSGSEND = YES;
				ENABLE_TESTABILITY = YES;
				GCC_C_LANGUAGE_STANDARD = gnu11;
				GCC_DYNAMIC_NO_PIC = NO;
				GCC_NO_COMMON_BLOCKS = YES;
				GCC_OPTIMIZATION_LEVEL = 0;
				GCC_PREPROCESSOR_DEFINITIONS = (
					"DEBUG=1",
					"$(inherited)",
				);
				GCC_WARN_64_TO_32_BIT_CONVERSION = YES;
				GCC_WARN_ABOUT_RETURN_TYPE = YES_ERROR;
				GCC_WARN_UNDECLARED_SELECTOR = YES;
				GCC_WARN_UNINITIALIZED_AUTOS = YES_AGGRESSIVE;
				GCC_WARN_UNUSED_FUNCTION = YES;
				GCC_WARN_UNUSED_VARIABLE = YES;
				IPHONEOS_DEPLOYMENT_TARGET = 12.2;
				MTL_ENABLE_DEBUG_INFO = INCLUDE_SOURCE;
				MTL_FAST_MATH = YES;
				ONLY_ACTIVE_ARCH = YES;
				SDKROOT = iphoneos;
				SWIFT_ACTIVE_COMPILATION_CONDITIONS = DEBUG;
				SWIFT_OPTIMIZATION_LEVEL = "-Onone";
			};
			name = Debug;
		};
		BBC37B1E2281C6C300B75090 /* Release */ = {
			isa = XCBuildConfiguration;
			buildSettings = {
				ALWAYS_SEARCH_USER_PATHS = NO;
				CLANG_ANALYZER_NONNULL = YES;
				CLANG_ANALYZER_NUMBER_OBJECT_CONVERSION = YES_AGGRESSIVE;
				CLANG_CXX_LANGUAGE_STANDARD = "gnu++14";
				CLANG_CXX_LIBRARY = "libc++";
				CLANG_ENABLE_MODULES = YES;
				CLANG_ENABLE_OBJC_ARC = YES;
				CLANG_ENABLE_OBJC_WEAK = YES;
				CLANG_WARN_BLOCK_CAPTURE_AUTORELEASING = YES;
				CLANG_WARN_BOOL_CONVERSION = YES;
				CLANG_WARN_COMMA = YES;
				CLANG_WARN_CONSTANT_CONVERSION = YES;
				CLANG_WARN_DEPRECATED_OBJC_IMPLEMENTATIONS = YES;
				CLANG_WARN_DIRECT_OBJC_ISA_USAGE = YES_ERROR;
				CLANG_WARN_DOCUMENTATION_COMMENTS = YES;
				CLANG_WARN_EMPTY_BODY = YES;
				CLANG_WARN_ENUM_CONVERSION = YES;
				CLANG_WARN_INFINITE_RECURSION = YES;
				CLANG_WARN_INT_CONVERSION = YES;
				CLANG_WARN_NON_LITERAL_NULL_CONVERSION = YES;
				CLANG_WARN_OBJC_IMPLICIT_RETAIN_SELF = YES;
				CLANG_WARN_OBJC_LITERAL_CONVERSION = YES;
				CLANG_WARN_OBJC_ROOT_CLASS = YES_ERROR;
				CLANG_WARN_RANGE_LOOP_ANALYSIS = YES;
				CLANG_WARN_STRICT_PROTOTYPES = YES;
				CLANG_WARN_SUSPICIOUS_MOVE = YES;
				CLANG_WARN_UNGUARDED_AVAILABILITY = YES_AGGRESSIVE;
				CLANG_WARN_UNREACHABLE_CODE = YES;
				CLANG_WARN__DUPLICATE_METHOD_MATCH = YES;
				CODE_SIGN_IDENTITY = "iPhone Developer";
				COPY_PHASE_STRIP = NO;
				DEBUG_INFORMATION_FORMAT = "dwarf-with-dsym";
				ENABLE_NS_ASSERTIONS = NO;
				ENABLE_STRICT_OBJC_MSGSEND = YES;
				GCC_C_LANGUAGE_STANDARD = gnu11;
				GCC_NO_COMMON_BLOCKS = YES;
				GCC_WARN_64_TO_32_BIT_CONVERSION = YES;
				GCC_WARN_ABOUT_RETURN_TYPE = YES_ERROR;
				GCC_WARN_UNDECLARED_SELECTOR = YES;
				GCC_WARN_UNINITIALIZED_AUTOS = YES_AGGRESSIVE;
				GCC_WARN_UNUSED_FUNCTION = YES;
				GCC_WARN_UNUSED_VARIABLE = YES;
				IPHONEOS_DEPLOYMENT_TARGET = 12.2;
				MTL_ENABLE_DEBUG_INFO = NO;
				MTL_FAST_MATH = YES;
				SDKROOT = iphoneos;
				SWIFT_COMPILATION_MODE = wholemodule;
				SWIFT_OPTIMIZATION_LEVEL = "-O";
				VALIDATE_PRODUCT = YES;
			};
			name = Release;
		};
		BBC37B202281C6C300B75090 /* Debug */ = {
			isa = XCBuildConfiguration;
			buildSettings = {
				ASSETCATALOG_COMPILER_APPICON_NAME = AppIcon;
				CODE_SIGN_STYLE = Automatic;
				DEVELOPMENT_TEAM = RKV4UP49S6;
				INFOPLIST_FILE = OverContextSample/Info.plist;
				LD_RUNPATH_SEARCH_PATHS = (
					"$(inherited)",
					"@executable_path/Frameworks",
				);
				PRODUCT_BUNDLE_IDENTIFIER = com.createchsol.OverContextSample;
				PRODUCT_NAME = "$(TARGET_NAME)";
				SWIFT_VERSION = 5.0;
				TARGETED_DEVICE_FAMILY = "1,2";
			};
			name = Debug;
		};
		BBC37B212281C6C300B75090 /* Release */ = {
			isa = XCBuildConfiguration;
			buildSettings = {
				ASSETCATALOG_COMPILER_APPICON_NAME = AppIcon;
				CODE_SIGN_STYLE = Automatic;
				DEVELOPMENT_TEAM = RKV4UP49S6;
				INFOPLIST_FILE = OverContextSample/Info.plist;
				LD_RUNPATH_SEARCH_PATHS = (
					"$(inherited)",
					"@executable_path/Frameworks",
				);
				PRODUCT_BUNDLE_IDENTIFIER = com.createchsol.OverContextSample;
				PRODUCT_NAME = "$(TARGET_NAME)";
				SWIFT_VERSION = 5.0;
				TARGETED_DEVICE_FAMILY = "1,2";
			};
			name = Release;
		};
/* End XCBuildConfiguration section */

/* Begin XCConfigurationList section */
		BBC37B082281C6C100B75090 /* Build configuration list for PBXProject "OverContextSample" */ = {
			isa = XCConfigurationList;
			buildConfigurations = (
				BBC37B1D2281C6C300B75090 /* Debug */,
				BBC37B1E2281C6C300B75090 /* Release */,
			);
			defaultConfigurationIsVisible = 0;
			defaultConfigurationName = Release;
		};
		BBC37B1F2281C6C300B75090 /* Build configuration list for PBXNativeTarget "OverContextSample" */ = {
			isa = XCConfigurationList;
			buildConfigurations = (
				BBC37B202281C6C300B75090 /* Debug */,
				BBC37B212281C6C300B75090 /* Release */,
			);
			defaultConfigurationIsVisible = 0;
			defaultConfigurationName = Release;
		};
/* End XCConfigurationList section */
	};
	rootObject = BBC37B052281C6C100B75090 /* Project object */;
}
